{
  "name": "AnbarFinal",
  "lockfileVersion": 2,
  "requires": true,
  "packages": {
    "": {
      "dependencies": {
        "html5-qrcode": "^2.3.1"
      }
    },
    "node_modules/html5-qrcode": {
      "version": "2.3.1",
      "resolved": "https://registry.npmjs.org/html5-qrcode/-/html5-qrcode-2.3.1.tgz",
      "integrity": "sha512-sSAgpmmUlssKm9az18I6d7fytH5jPq4xG7E4mCuhsGpMsDwk05AumKNsag5rfxwgMFPiUQg7CcRiOCXlgSJxmg=="
    }
  },
  "dependencies": {
    "html5-qrcode": {
      "version": "2.3.1",
      "resolved": "https://registry.npmjs.org/html5-qrcode/-/html5-qrcode-2.3.1.tgz",
      "integrity": "sha512-sSAgpmmUlssKm9az18I6d7fytH5jPq4xG7E4mCuhsGpMsDwk05AumKNsag5rfxwgMFPiUQg7CcRiOCXlgSJxmg=="
    }
  }
}
